// !$*UTF8*$!
{
	archiveVersion = 1;
	classes = {
	};
	objectVersion = 55;
	objects = {

/* Begin PBXBuildFile section */
		551AE6E82B042A0F00E87F17 /* FirebaseDatabase in Frameworks */ = {isa = PBXBuildFile; productRef = 551AE6E72B042A0F00E87F17 /* FirebaseDatabase */; };
		551AE6EA2B042A2500E87F17 /* FirebaseStorage in Frameworks */ = {isa = PBXBuildFile; productRef = 551AE6E92B042A2500E87F17 /* FirebaseStorage */; };
		551AE6EC2B04347100E87F17 /* ElegirUsuarioViewController.swift in Sources */ = {isa = PBXBuildFile; fileRef = 551AE6EB2B04347100E87F17 /* ElegirUsuarioViewController.swift */; };
		5574B7412B04161D00DA17B9 /* GoogleService-Info.plist in Resources */ = {isa = PBXBuildFile; fileRef = 5574B7402B04161D00DA17B9 /* GoogleService-Info.plist */; };
		5574B7432B041E1D00DA17B9 /* ImagenViewController.swift in Sources */ = {isa = PBXBuildFile; fileRef = 5574B7422B041E1D00DA17B9 /* ImagenViewController.swift */; };
		5575D9E32B03B50800AF5E45 /* SnapsViewController.swift in Sources */ = {isa = PBXBuildFile; fileRef = 5575D9E22B03B50800AF5E45 /* SnapsViewController.swift */; };
		55794FC12AFA79AD0035AE63 /* AppDelegate.swift in Sources */ = {isa = PBXBuildFile; fileRef = 55794FC02AFA79AD0035AE63 /* AppDelegate.swift */; };
		55794FC32AFA79AD0035AE63 /* SceneDelegate.swift in Sources */ = {isa = PBXBuildFile; fileRef = 55794FC22AFA79AD0035AE63 /* SceneDelegate.swift */; };
		55794FC52AFA79AD0035AE63 /* iniciarSesionViewController.swift in Sources */ = {isa = PBXBuildFile; fileRef = 55794FC42AFA79AD0035AE63 /* iniciarSesionViewController.swift */; };
		55794FC82AFA79AD0035AE63 /* Main.storyboard in Resources */ = {isa = PBXBuildFile; fileRef = 55794FC62AFA79AD0035AE63 /* Main.storyboard */; };
		55794FCA2AFA79B20035AE63 /* Assets.xcassets in Resources */ = {isa = PBXBuildFile; fileRef = 55794FC92AFA79B20035AE63 /* Assets.xcassets */; };
		55794FCD2AFA79B20035AE63 /* LaunchScreen.storyboard in Resources */ = {isa = PBXBuildFile; fileRef = 55794FCB2AFA79B20035AE63 /* LaunchScreen.storyboard */; };
		55794FD82AFA7DAD0035AE63 /* FirebaseAnalytics in Frameworks */ = {isa = PBXBuildFile; productRef = 55794FD72AFA7DAD0035AE63 /* FirebaseAnalytics */; };
		55794FDA2AFA7DAD0035AE63 /* FirebaseAnalyticsWithoutAdIdSupport in Frameworks */ = {isa = PBXBuildFile; productRef = 55794FD92AFA7DAD0035AE63 /* FirebaseAnalyticsWithoutAdIdSupport */; };
		55794FDC2AFA7DAD0035AE63 /* FirebaseAuth in Frameworks */ = {isa = PBXBuildFile; productRef = 55794FDB2AFA7DAD0035AE63 /* FirebaseAuth */; };
		559829352AFAE7A10068D53D /* GoogleSignIn in Frameworks */ = {isa = PBXBuildFile; productRef = 559829342AFAE7A10068D53D /* GoogleSignIn */; };
		559829372AFAE7A10068D53D /* GoogleSignInSwift in Frameworks */ = {isa = PBXBuildFile; productRef = 559829362AFAE7A10068D53D /* GoogleSignInSwift */; };
/* End PBXBuildFile section */

/* Begin PBXFileReference section */
		551AE6EB2B04347100E87F17 /* ElegirUsuarioViewController.swift */ = {isa = PBXFileReference; lastKnownFileType = sourcecode.swift; path = ElegirUsuarioViewController.swift; sourceTree = "<group>"; };
		5574B7402B04161D00DA17B9 /* GoogleService-Info.plist */ = {isa = PBXFileReference; fileEncoding = 4; lastKnownFileType = text.plist.xml; path = "GoogleService-Info.plist"; sourceTree = "<group>"; };
		5574B7422B041E1D00DA17B9 /* ImagenViewController.swift */ = {isa = PBXFileReference; lastKnownFileType = sourcecode.swift; path = ImagenViewController.swift; sourceTree = "<group>"; };
		5575D9E22B03B50800AF5E45 /* SnapsViewController.swift */ = {isa = PBXFileReference; lastKnownFileType = sourcecode.swift; path = SnapsViewController.swift; sourceTree = "<group>"; };
		55794FBD2AFA79AD0035AE63 /* QueaSnapchat.app */ = {isa = PBXFileReference; explicitFileType = wrapper.application; includeInIndex = 0; path = QueaSnapchat.app; sourceTree = BUILT_PRODUCTS_DIR; };
		55794FC02AFA79AD0035AE63 /* AppDelegate.swift */ = {isa = PBXFileReference; lastKnownFileType = sourcecode.swift; path = AppDelegate.swift; sourceTree = "<group>"; };
		55794FC22AFA79AD0035AE63 /* SceneDelegate.swift */ = {isa = PBXFileReference; lastKnownFileType = sourcecode.swift; path = SceneDelegate.swift; sourceTree = "<group>"; };
		55794FC42AFA79AD0035AE63 /* iniciarSesionViewController.swift */ = {isa = PBXFileReference; lastKnownFileType = sourcecode.swift; path = iniciarSesionViewController.swift; sourceTree = "<group>"; };
		55794FC72AFA79AD0035AE63 /* Base */ = {isa = PBXFileReference; lastKnownFileType = file.storyboard; name = Base; path = Base.lproj/Main.storyboard; sourceTree = "<group>"; };
		55794FC92AFA79B20035AE63 /* Assets.xcassets */ = {isa = PBXFileReference; lastKnownFileType = folder.assetcatalog; path = Assets.xcassets; sourceTree = "<group>"; };
		55794FCC2AFA79B20035AE63 /* Base */ = {isa = PBXFileReference; lastKnownFileType = file.storyboard; name = Base; path = Base.lproj/LaunchScreen.storyboard; sourceTree = "<group>"; };
		55794FCE2AFA79B20035AE63 /* Info.plist */ = {isa = PBXFileReference; lastKnownFileType = text.plist.xml; path = Info.plist; sourceTree = "<group>"; };
/* End PBXFileReference section */

/* Begin PBXFrameworksBuildPhase section */
		55794FBA2AFA79AD0035AE63 /* Frameworks */ = {
			isa = PBXFrameworksBuildPhase;
			buildActionMask = 2147483647;
			files = (
				551AE6E82B042A0F00E87F17 /* FirebaseDatabase in Frameworks */,
				559829372AFAE7A10068D53D /* GoogleSignInSwift in Frameworks */,
				55794FD82AFA7DAD0035AE63 /* FirebaseAnalytics in Frameworks */,
				559829352AFAE7A10068D53D /* GoogleSignIn in Frameworks */,
				551AE6EA2B042A2500E87F17 /* FirebaseStorage in Frameworks */,
				55794FDC2AFA7DAD0035AE63 /* FirebaseAuth in Frameworks */,
				55794FDA2AFA7DAD0035AE63 /* FirebaseAnalyticsWithoutAdIdSupport in Frameworks */,
			);
			runOnlyForDeploymentPostprocessing = 0;
		};
/* End PBXFrameworksBuildPhase section */

/* Begin PBXGroup section */
		551AE6E62B042A0F00E87F17 /* Frameworks */ = {
			isa = PBXGroup;
			children = (
			);
			name = Frameworks;
			sourceTree = "<group>";
		};
		55794FB42AFA79AD0035AE63 = {
			isa = PBXGroup;
			children = (
				55794FBF2AFA79AD0035AE63 /* QueaSnapchat */,
				55794FBE2AFA79AD0035AE63 /* Products */,
				551AE6E62B042A0F00E87F17 /* Frameworks */,
			);
			sourceTree = "<group>";
		};
		55794FBE2AFA79AD0035AE63 /* Products */ = {
			isa = PBXGroup;
			children = (
				55794FBD2AFA79AD0035AE63 /* QueaSnapchat.app */,
			);
			name = Products;
			sourceTree = "<group>";
		};
		55794FBF2AFA79AD0035AE63 /* QueaSnapchat */ = {
			isa = PBXGroup;
			children = (
				55794FC02AFA79AD0035AE63 /* AppDelegate.swift */,
				55794FC22AFA79AD0035AE63 /* SceneDelegate.swift */,
				55794FC42AFA79AD0035AE63 /* iniciarSesionViewController.swift */,
				55794FC62AFA79AD0035AE63 /* Main.storyboard */,
				551AE6EB2B04347100E87F17 /* ElegirUsuarioViewController.swift */,
				5574B7422B041E1D00DA17B9 /* ImagenViewController.swift */,
				5575D9E22B03B50800AF5E45 /* SnapsViewController.swift */,
				55794FC92AFA79B20035AE63 /* Assets.xcassets */,
				55794FCB2AFA79B20035AE63 /* LaunchScreen.storyboard */,
				55794FCE2AFA79B20035AE63 /* Info.plist */,
				5574B7402B04161D00DA17B9 /* GoogleService-Info.plist */,
			);
			path = QueaSnapchat;
			sourceTree = "<group>";
		};
/* End PBXGroup section */

/* Begin PBXNativeTarget section */
		55794FBC2AFA79AD0035AE63 /* QueaSnapchat */ = {
			isa = PBXNativeTarget;
			buildConfigurationList = 55794FD12AFA79B20035AE63 /* Build configuration list for PBXNativeTarget "QueaSnapchat" */;
			buildPhases = (
				55794FB92AFA79AD0035AE63 /* Sources */,
				55794FBA2AFA79AD0035AE63 /* Frameworks */,
				55794FBB2AFA79AD0035AE63 /* Resources */,
			);
			buildRules = (
			);
			dependencies = (
			);
			name = QueaSnapchat;
			packageProductDependencies = (
				55794FD72AFA7DAD0035AE63 /* FirebaseAnalytics */,
				55794FD92AFA7DAD0035AE63 /* FirebaseAnalyticsWithoutAdIdSupport */,
				55794FDB2AFA7DAD0035AE63 /* FirebaseAuth */,
				559829342AFAE7A10068D53D /* GoogleSignIn */,
				559829362AFAE7A10068D53D /* GoogleSignInSwift */,
				551AE6E72B042A0F00E87F17 /* FirebaseDatabase */,
				551AE6E92B042A2500E87F17 /* FirebaseStorage */,
			);
			productName = QueaSnapchat;
			productReference = 55794FBD2AFA79AD0035AE63 /* QueaSnapchat.app */;
			productType = "com.apple.product-type.application";
		};
/* End PBXNativeTarget section */

/* Begin PBXProject section */
		55794FB52AFA79AD0035AE63 /* Project object */ = {
			isa = PBXProject;
			attributes = {
				BuildIndependentTargetsInParallel = 1;
				LastSwiftUpdateCheck = 1330;
				LastUpgradeCheck = 1330;
				TargetAttributes = {
					55794FBC2AFA79AD0035AE63 = {
						CreatedOnToolsVersion = 13.3;
					};
				};
			};
			buildConfigurationList = 55794FB82AFA79AD0035AE63 /* Build configuration list for PBXProject "QueaSnapchat" */;
			compatibilityVersion = "Xcode 13.0";
			developmentRegion = en;
			hasScannedForEncodings = 0;
			knownRegions = (
				en,
				Base,
			);
			mainGroup = 55794FB42AFA79AD0035AE63;
			packageReferences = (
				55794FD62AFA7DAD0035AE63 /* XCRemoteSwiftPackageReference "firebase-ios-sdk" */,
				559829332AFAE7A10068D53D /* XCRemoteSwiftPackageReference "GoogleSignIn-iOS" */,
			);
			productRefGroup = 55794FBE2AFA79AD0035AE63 /* Products */;
			projectDirPath = "";
			projectRoot = "";
			targets = (
				55794FBC2AFA79AD0035AE63 /* QueaSnapchat */,
			);
		};
/* End PBXProject section */

/* Begin PBXResourcesBuildPhase section */
		55794FBB2AFA79AD0035AE63 /* Resources */ = {
			isa = PBXResourcesBuildPhase;
			buildActionMask = 2147483647;
			files = (
				55794FCD2AFA79B20035AE63 /* LaunchScreen.storyboard in Resources */,
				5574B7412B04161D00DA17B9 /* GoogleService-Info.plist in Resources */,
				55794FCA2AFA79B20035AE63 /* Assets.xcassets in Resources */,
				55794FC82AFA79AD0035AE63 /* Main.storyboard in Resources */,
			);
			runOnlyForDeploymentPostprocessing = 0;
		};
/* End PBXResourcesBuildPhase section */

/* Begin PBXSourcesBuildPhase section */
		55794FB92AFA79AD0035AE63 /* Sources */ = {
			isa = PBXSourcesBuildPhase;
			buildActionMask = 2147483647;
			files = (
				5575D9E32B03B50800AF5E45 /* SnapsViewController.swift in Sources */,
				5574B7432B041E1D00DA17B9 /* ImagenViewController.swift in Sources */,
				55794FC52AFA79AD0035AE63 /* iniciarSesionViewController.swift in Sources */,
				55794FC12AFA79AD0035AE63 /* AppDelegate.swift in Sources */,
				55794FC32AFA79AD0035AE63 /* SceneDelegate.swift in Sources */,
				551AE6EC2B04347100E87F17 /* ElegirUsuarioViewController.swift in Sources */,
			);
			runOnlyForDeploymentPostprocessing = 0;
		};
/* End PBXSourcesBuildPhase section */

/* Begin PBXVariantGroup section */
		55794FC62AFA79AD0035AE63 /* Main.storyboard */ = {
			isa = PBXVariantGroup;
			children = (
				55794FC72AFA79AD0035AE63 /* Base */,
			);
			name = Main.storyboard;
			sourceTree = "<group>";
		};
		55794FCB2AFA79B20035AE63 /* LaunchScreen.storyboard */ = {
			isa = PBXVariantGroup;
			children = (
				55794FCC2AFA79B20035AE63 /* Base */,
			);
			name = LaunchScreen.storyboard;
			sourceTree = "<group>";
		};
/* End PBXVariantGroup section */

/* Begin XCBuildConfiguration section */
		55794FCF2AFA79B20035AE63 /* Debug */ = {
			isa = XCBuildConfiguration;
			buildSettings = {
				ALWAYS_SEARCH_USER_PATHS = NO;
				CLANG_ANALYZER_NONNULL = YES;
				CLANG_ANALYZER_NUMBER_OBJECT_CONVERSION = YES_AGGRESSIVE;
				CLANG_CXX_LANGUAGE_STANDARD = "gnu++17";
				CLANG_ENABLE_MODULES = YES;
				CLANG_ENABLE_OBJC_ARC = YES;
				CLANG_ENABLE_OBJC_WEAK = YES;
				CLANG_WARN_BLOCK_CAPTURE_AUTORELEASING = YES;
				CLANG_WARN_BOOL_CONVERSION = YES;
				CLANG_WARN_COMMA = YES;
				CLANG_WARN_CONSTANT_CONVERSION = YES;
				CLANG_WARN_DEPRECATED_OBJC_IMPLEMENTATIONS = YES;
				CLANG_WARN_DIRECT_OBJC_ISA_USAGE = YES_ERROR;
				CLANG_WARN_DOCUMENTATION_COMMENTS = YES;
				CLANG_WARN_EMPTY_BODY = YES;
				CLANG_WARN_ENUM_CONVERSION = YES;
				CLANG_WARN_INFINITE_RECURSION = YES;
				CLANG_WARN_INT_CONVERSION = YES;
				CLANG_WARN_NON_LITERAL_NULL_CONVERSION = YES;
				CLANG_WARN_OBJC_IMPLICIT_RETAIN_SELF = YES;
				CLANG_WARN_OBJC_LITERAL_CONVERSION = YES;
				CLANG_WARN_OBJC_ROOT_CLASS = YES_ERROR;
				CLANG_WARN_QUOTED_INCLUDE_IN_FRAMEWORK_HEADER = YES;
				CLANG_WARN_RANGE_LOOP_ANALYSIS = YES;
				CLANG_WARN_STRICT_PROTOTYPES = YES;
				CLANG_WARN_SUSPICIOUS_MOVE = YES;
				CLANG_WARN_UNGUARDED_AVAILABILITY = YES_AGGRESSIVE;
				CLANG_WARN_UNREACHABLE_CODE = YES;
				CLANG_WARN__DUPLICATE_METHOD_MATCH = YES;
				COPY_PHASE_STRIP = NO;
				DEBUG_INFORMATION_FORMAT = dwarf;
				ENABLE_STRICT_OBJC_MSGSEND = YES;
				ENABLE_TESTABILITY = YES;
				GCC_C_LANGUAGE_STANDARD = gnu11;
				GCC_DYNAMIC_NO_PIC = NO;
				GCC_NO_COMMON_BLOCKS = YES;
				GCC_OPTIMIZATION_LEVEL = 0;
				GCC_PREPROCESSOR_DEFINITIONS = (
					"DEBUG=1",
					"$(inherited)",
				);
				GCC_WARN_64_TO_32_BIT_CONVERSION = YES;
				GCC_WARN_ABOUT_RETURN_TYPE = YES_ERROR;
				GCC_WARN_UNDECLARED_SELECTOR = YES;
				GCC_WARN_UNINITIALIZED_AUTOS = YES_AGGRESSIVE;
				GCC_WARN_UNUSED_FUNCTION = YES;
				GCC_WARN_UNUSED_VARIABLE = YES;
				IPHONEOS_DEPLOYMENT_TARGET = 15.4;
				MTL_ENABLE_DEBUG_INFO = INCLUDE_SOURCE;
				MTL_FAST_MATH = YES;
				ONLY_ACTIVE_ARCH = YES;
				SDKROOT = iphoneos;
				SWIFT_ACTIVE_COMPILATION_CONDITIONS = DEBUG;
				SWIFT_OPTIMIZATION_LEVEL = "-Onone";
			};
			name = Debug;
		};
		55794FD02AFA79B20035AE63 /* Release */ = {
			isa = XCBuildConfiguration;
			buildSettings = {
				ALWAYS_SEARCH_USER_PATHS = NO;
				CLANG_ANALYZER_NONNULL = YES;
				CLANG_ANALYZER_NUMBER_OBJECT_CONVERSION = YES_AGGRESSIVE;
				CLANG_CXX_LANGUAGE_STANDARD = "gnu++17";
				CLANG_ENABLE_MODULES = YES;
				CLANG_ENABLE_OBJC_ARC = YES;
				CLANG_ENABLE_OBJC_WEAK = YES;
				CLANG_WARN_BLOCK_CAPTURE_AUTORELEASING = YES;
				CLANG_WARN_BOOL_CONVERSION = YES;
				CLANG_WARN_COMMA = YES;
				CLANG_WARN_CONSTANT_CONVERSION = YES;
				CLANG_WARN_DEPRECATED_OBJC_IMPLEMENTATIONS = YES;
				CLANG_WARN_DIRECT_OBJC_ISA_USAGE = YES_ERROR;
				CLANG_WARN_DOCUMENTATION_COMMENTS = YES;
				CLANG_WARN_EMPTY_BODY = YES;
				CLANG_WARN_ENUM_CONVERSION = YES;
				CLANG_WARN_INFINITE_RECURSION = YES;
				CLANG_WARN_INT_CONVERSION = YES;
				CLANG_WARN_NON_LITERAL_NULL_CONVERSION = YES;
				CLANG_WARN_OBJC_IMPLICIT_RETAIN_SELF = YES;
				CLANG_WARN_OBJC_LITERAL_CONVERSION = YES;
				CLANG_WARN_OBJC_ROOT_CLASS = YES_ERROR;
				CLANG_WARN_QUOTED_INCLUDE_IN_FRAMEWORK_HEADER = YES;
				CLANG_WARN_RANGE_LOOP_ANALYSIS = YES;
				CLANG_WARN_STRICT_PROTOTYPES = YES;
				CLANG_WARN_SUSPICIOUS_MOVE = YES;
				CLANG_WARN_UNGUARDED_AVAILABILITY = YES_AGGRESSIVE;
				CLANG_WARN_UNREACHABLE_CODE = YES;
				CLANG_WARN__DUPLICATE_METHOD_MATCH = YES;
				COPY_PHASE_STRIP = NO;
				DEBUG_INFORMATION_FORMAT = "dwarf-with-dsym";
				ENABLE_NS_ASSERTIONS = NO;
				ENABLE_STRICT_OBJC_MSGSEND = YES;
				GCC_C_LANGUAGE_STANDARD = gnu11;
				GCC_NO_COMMON_BLOCKS = YES;
				GCC_WARN_64_TO_32_BIT_CONVERSION = YES;
				GCC_WARN_ABOUT_RETURN_TYPE = YES_ERROR;
				GCC_WARN_UNDECLARED_SELECTOR = YES;
				GCC_WARN_UNINITIALIZED_AUTOS = YES_AGGRESSIVE;
				GCC_WARN_UNUSED_FUNCTION = YES;
				GCC_WARN_UNUSED_VARIABLE = YES;
				IPHONEOS_DEPLOYMENT_TARGET = 15.4;
				MTL_ENABLE_DEBUG_INFO = NO;
				MTL_FAST_MATH = YES;
				SDKROOT = iphoneos;
				SWIFT_COMPILATION_MODE = wholemodule;
				SWIFT_OPTIMIZATION_LEVEL = "-O";
				VALIDATE_PRODUCT = YES;
			};
			name = Release;
		};
		55794FD22AFA79B20035AE63 /* Debug */ = {
			isa = XCBuildConfiguration;
			buildSettings = {
				ASSETCATALOG_COMPILER_APPICON_NAME = AppIcon;
				ASSETCATALOG_COMPILER_GLOBAL_ACCENT_COLOR_NAME = AccentColor;
				CODE_SIGN_STYLE = Automatic;
				CURRENT_PROJECT_VERSION = 1;
				GENERATE_INFOPLIST_FILE = YES;
				INFOPLIST_FILE = QueaSnapchat/Info.plist;
				INFOPLIST_KEY_UIApplicationSupportsIndirectInputEvents = YES;
				INFOPLIST_KEY_UILaunchStoryboardName = LaunchScreen;
				INFOPLIST_KEY_UIMainStoryboardFile = Main;
				INFOPLIST_KEY_UISupportedInterfaceOrientations_iPad = "UIInterfaceOrientationPortrait UIInterfaceOrientationPortraitUpsideDown UIInterfaceOrientationLandscapeLeft UIInterfaceOrientationLandscapeRight";
				INFOPLIST_KEY_UISupportedInterfaceOrientations_iPhone = "UIInterfaceOrientationPortrait UIInterfaceOrientationLandscapeLeft UIInterfaceOrientationLandscapeRight";
				LD_RUNPATH_SEARCH_PATHS = (
					"$(inherited)",
					"@executable_path/Frameworks",
				);
				MARKETING_VERSION = 1.0;
				PRODUCT_BUNDLE_IDENTIFIER = qjcoder.com.QueaSnapchat;
				PRODUCT_NAME = "$(TARGET_NAME)";
				SWIFT_EMIT_LOC_STRINGS = YES;
				SWIFT_VERSION = 5.0;
				TARGETED_DEVICE_FAMILY = "1,2";
			};
			name = Debug;
		};
		55794FD32AFA79B20035AE63 /* Release */ = {
			isa = XCBuildConfiguration;
			buildSettings = {
				ASSETCATALOG_COMPILER_APPICON_NAME = AppIcon;
				ASSETCATALOG_COMPILER_GLOBAL_ACCENT_COLOR_NAME = AccentColor;
				CODE_SIGN_STYLE = Automatic;
				CURRENT_PROJECT_VERSION = 1;
				GENERATE_INFOPLIST_FILE = YES;
				INFOPLIST_FILE = QueaSnapchat/Info.plist;
				INFOPLIST_KEY_UIApplicationSupportsIndirectInputEvents = YES;
				INFOPLIST_KEY_UILaunchStoryboardName = LaunchScreen;
				INFOPLIST_KEY_UIMainStoryboardFile = Main;
				INFOPLIST_KEY_UISupportedInterfaceOrientations_iPad = "UIInterfaceOrientationPortrait UIInterfaceOrientationPortraitUpsideDown UIInterfaceOrientationLandscapeLeft UIInterfaceOrientationLandscapeRight";
				INFOPLIST_KEY_UISupportedInterfaceOrientations_iPhone = "UIInterfaceOrientationPortrait UIInterfaceOrientationLandscapeLeft UIInterfaceOrientationLandscapeRight";
				LD_RUNPATH_SEARCH_PATHS = (
					"$(inherited)",
					"@executable_path/Frameworks",
				);
				MARKETING_VERSION = 1.0;
				PRODUCT_BUNDLE_IDENTIFIER = qjcoder.com.QueaSnapchat;
				PRODUCT_NAME = "$(TARGET_NAME)";
				SWIFT_EMIT_LOC_STRINGS = YES;
				SWIFT_VERSION = 5.0;
				TARGETED_DEVICE_FAMILY = "1,2";
			};
			name = Release;
		};
/* End XCBuildConfiguration section */

/* Begin XCConfigurationList section */
		55794FB82AFA79AD0035AE63 /* Build configuration list for PBXProject "QueaSnapchat" */ = {
			isa = XCConfigurationList;
			buildConfigurations = (
				55794FCF2AFA79B20035AE63 /* Debug */,
				55794FD02AFA79B20035AE63 /* Release */,
			);
			defaultConfigurationIsVisible = 0;
			defaultConfigurationName = Release;
		};
		55794FD12AFA79B20035AE63 /* Build configuration list for PBXNativeTarget "QueaSnapchat" */ = {
			isa = XCConfigurationList;
			buildConfigurations = (
				55794FD22AFA79B20035AE63 /* Debug */,
				55794FD32AFA79B20035AE63 /* Release */,
			);
			defaultConfigurationIsVisible = 0;
			defaultConfigurationName = Release;
		};
/* End XCConfigurationList section */

/* Begin XCRemoteSwiftPackageReference section */
		55794FD62AFA7DAD0035AE63 /* XCRemoteSwiftPackageReference "firebase-ios-sdk" */ = {
			isa = XCRemoteSwiftPackageReference;
			repositoryURL = "https://github.com/firebase/firebase-ios-sdk";
			requirement = {
				kind = upToNextMajorVersion;
				minimumVersion = 9.0.0;
			};
		};
		559829332AFAE7A10068D53D /* XCRemoteSwiftPackageReference "GoogleSignIn-iOS" */ = {
			isa = XCRemoteSwiftPackageReference;
			repositoryURL = "https://github.com/google/GoogleSignIn-iOS";
			requirement = {
				kind = upToNextMajorVersion;
				minimumVersion = 7.0.0;
			};
		};
/* End XCRemoteSwiftPackageReference section */

/* Begin XCSwiftPackageProductDependency section */
		551AE6E72B042A0F00E87F17 /* FirebaseDatabase */ = {
			isa = XCSwiftPackageProductDependency;
			package = 55794FD62AFA7DAD0035AE63 /* XCRemoteSwiftPackageReference "firebase-ios-sdk" */;
			productName = FirebaseDatabase;
		};
		551AE6E92B042A2500E87F17 /* FirebaseStorage */ = {
			isa = XCSwiftPackageProductDependency;
			package = 55794FD62AFA7DAD0035AE63 /* XCRemoteSwiftPackageReference "firebase-ios-sdk" */;
			productName = FirebaseStorage;
		};
		55794FD72AFA7DAD0035AE63 /* FirebaseAnalytics */ = {
			isa = XCSwiftPackageProductDependency;
			package = 55794FD62AFA7DAD0035AE63 /* XCRemoteSwiftPackageReference "firebase-ios-sdk" */;
			productName = FirebaseAnalytics;
		};
		55794FD92AFA7DAD0035AE63 /* FirebaseAnalyticsWithoutAdIdSupport */ = {
			isa = XCSwiftPackageProductDependency;
			package = 55794FD62AFA7DAD0035AE63 /* XCRemoteSwiftPackageReference "firebase-ios-sdk" */;
			productName = FirebaseAnalyticsWithoutAdIdSupport;
		};
		55794FDB2AFA7DAD0035AE63 /* FirebaseAuth */ = {
			isa = XCSwiftPackageProductDependency;
			package = 55794FD62AFA7DAD0035AE63 /* XCRemoteSwiftPackageReference "firebase-ios-sdk" */;
			productName = FirebaseAuth;
		};
		559829342AFAE7A10068D53D /* GoogleSignIn */ = {
			isa = XCSwiftPackageProductDependency;
			package = 559829332AFAE7A10068D53D /* XCRemoteSwiftPackageReference "GoogleSignIn-iOS" */;
			productName = GoogleSignIn;
		};
		559829362AFAE7A10068D53D /* GoogleSignInSwift */ = {
			isa = XCSwiftPackageProductDependency;
			package = 559829332AFAE7A10068D53D /* XCRemoteSwiftPackageReference "GoogleSignIn-iOS" */;
			productName = GoogleSignInSwift;
		};
/* End XCSwiftPackageProductDependency section */
	};
	rootObject = 55794FB52AFA79AD0035AE63 /* Project object */;
}
